Microsoft Visual Studio Solution File, Format Version 12.00
# Visual Studio 15
VisualStudioVersion = 15.0.27428.2005
MinimumVisualStudioVersion = 10.0.40219.1
Project("{FAE04EC0-301F-11D3-BF4B-00C04F79EFBC}") = "ESBevents", "ESBevents\ESBevents.csproj", "{AE741219-6A1E-4E9B-8AD4-849D97C49C0D}"
EndProject
Project("{FAE04EC0-301F-11D3-BF4B-00C04F79EFBC}") = "ESBevents.iOS", "iOS\ESBevents.iOS.csproj", "{B8C1DA6A-FF0B-4BB4-9E75-403665BF6260}"
EndProject
Project("{FAE04EC0-301F-11D3-BF4B-00C04F79EFBC}") = "ESBevents.Droid", "Droid\ESBevents.Droid.csproj", "{96A2D971-9BD3-4842-B3EF-FE44CB0B64CD}"
EndProject
Project("{2150E333-8FDC-42A3-9474-1A3956D46DE8}") = "Solution Items", "Solution Items", "{63CFC27F-E295-462B-B503-2572304FD10E}"
	ProjectSection(SolutionItems) = preProject
		ESBevents.sln = ESBevents.sln
	EndProjectSection
EndProject
Global
	GlobalSection(SolutionConfigurationPlatforms) = preSolution
		Debug|Any CPU = Debug|Any CPU
		Debug|iPhone = Debug|iPhone
		Debug|iPhoneSimulator = Debug|iPhoneSimulator
		Release|Any CPU = Release|Any CPU
		Release|iPhone = Release|iPhone
		Release|iPhoneSimulator = Release|iPhoneSimulator
	EndGlobalSection
	GlobalSection(ProjectConfigurationPlatforms) = postSolution
		{AE741219-6A1E-4E9B-8AD4-849D97C49C0D}.Debug|Any CPU.ActiveCfg = Debug|Any CPU
		{AE741219-6A1E-4E9B-8AD4-849D97C49C0D}.Debug|Any CPU.Build.0 = Debug|Any CPU
		{AE741219-6A1E-4E9B-8AD4-849D97C49C0D}.Debug|iPhone.ActiveCfg = Debug|Any CPU
		{AE741219-6A1E-4E9B-8AD4-849D97C49C0D}.Debug|iPhone.Build.0 = Debug|Any CPU
		{AE741219-6A1E-4E9B-8AD4-849D97C49C0D}.Debug|iPhoneSimulator.ActiveCfg = Debug|Any CPU
		{AE741219-6A1E-4E9B-8AD4-849D97C49C0D}.Debug|iPhoneSimulator.Build.0 = Debug|Any CPU
		{AE741219-6A1E-4E9B-8AD4-849D97C49C0D}.Release|Any CPU.ActiveCfg = Release|Any CPU
		{AE741219-6A1E-4E9B-8AD4-849D97C49C0D}.Release|Any CPU.Build.0 = Release|Any CPU
		{AE741219-6A1E-4E9B-8AD4-849D97C49C0D}.Release|iPhone.ActiveCfg = Release|Any CPU
		{AE741219-6A1E-4E9B-8AD4-849D97C49C0D}.Release|iPhone.Build.0 = Release|Any CPU
		{AE741219-6A1E-4E9B-8AD4-849D97C49C0D}.Release|iPhoneSimulator.ActiveCfg = Release|Any CPU
		{AE741219-6A1E-4E9B-8AD4-849D97C49C0D}.Release|iPhoneSimulator.Build.0 = Release|Any CPU
		{B8C1DA6A-FF0B-4BB4-9E75-403665BF6260}.Debug|Any CPU.ActiveCfg = Debug|iPhoneSimulator
		{B8C1DA6A-FF0B-4BB4-9E75-403665BF6260}.Debug|Any CPU.Build.0 = Debug|iPhoneSimulator
		{B8C1DA6A-FF0B-4BB4-9E75-403665BF6260}.Debug|iPhone.ActiveCfg = Debug|iPhone
		{B8C1DA6A-FF0B-4BB4-9E75-403665BF6260}.Debug|iPhone.Build.0 = Debug|iPhone
		{B8C1DA6A-FF0B-4BB4-9E75-403665BF6260}.Debug|iPhoneSimulator.ActiveCfg = Debug|iPhoneSimulator
		{B8C1DA6A-FF0B-4BB4-9E75-403665BF6260}.Debug|iPhoneSimulator.Build.0 = Debug|iPhoneSimulator
		{B8C1DA6A-FF0B-4BB4-9E75-403665BF6260}.Release|Any CPU.ActiveCfg = Release|iPhone
		{B8C1DA6A-FF0B-4BB4-9E75-403665BF6260}.Release|Any CPU.Build.0 = Release|iPhone
		{B8C1DA6A-FF0B-4BB4-9E75-403665BF6260}.Release|iPhone.ActiveCfg = Release|iPhone
		{B8C1DA6A-FF0B-4BB4-9E75-403665BF6260}.Release|iPhone.Build.0 = Release|iPhone
		{B8C1DA6A-FF0B-4BB4-9E75-403665BF6260}.Release|iPhoneSimulator.ActiveCfg = Release|iPhoneSimulator
		{B8C1DA6A-FF0B-4BB4-9E75-403665BF6260}.Release|iPhoneSimulator.Build.0 = Release|iPhoneSimulator
		{96A2D971-9BD3-4842-B3EF-FE44CB0B64CD}.Debug|Any CPU.ActiveCfg = Debug|Any CPU
		{96A2D971-9BD3-4842-B3EF-FE44CB0B64CD}.Debug|Any CPU.Build.0 = Debug|Any CPU
		{96A2D971-9BD3-4842-B3EF-FE44CB0B64CD}.Debug|iPhone.ActiveCfg = Debug|Any CPU
		{96A2D971-9BD3-4842-B3EF-FE44CB0B64CD}.Debug|iPhone.Build.0 = Debug|Any CPU
		{96A2D971-9BD3-4842-B3EF-FE44CB0B64CD}.Debug|iPhoneSimulator.ActiveCfg = Debug|Any CPU
		{96A2D971-9BD3-4842-B3EF-FE44CB0B64CD}.Debug|iPhoneSimulator.Build.0 = Debug|Any CPU
		{96A2D971-9BD3-4842-B3EF-FE44CB0B64CD}.Release|Any CPU.ActiveCfg = Release|Any CPU
		{96A2D971-9BD3-4842-B3EF-FE44CB0B64CD}.Release|Any CPU.Build.0 = Release|Any CPU
		{96A2D971-9BD3-4842-B3EF-FE44CB0B64CD}.Release|iPhone.ActiveCfg = Release|Any CPU
		{96A2D971-9BD3-4842-B3EF-FE44CB0B64CD}.Release|iPhone.Build.0 = Release|Any CPU
		{96A2D971-9BD3-4842-B3EF-FE44CB0B64CD}.Release|iPhoneSimulator.ActiveCfg = Release|Any CPU
		{96A2D971-9BD3-4842-B3EF-FE44CB0B64CD}.Release|iPhoneSimulator.Build.0 = Release|Any CPU
	EndGlobalSection
	GlobalSection(SolutionProperties) = preSolution
		HideSolutionNode = FALSE
	EndGlobalSection
	GlobalSection(ExtensibilityGlobals) = postSolution
		SolutionGuid = {1DC1CE5A-3354-4667-9D61-4B01D49402F5}
	EndGlobalSection
	GlobalSection(MonoDevelopProperties) = preSolution
		Policies = $0
		$0.DotNetNamingPolicy = $1
		$0.VersionControlPolicy = $2
		$0.TextStylePolicy = $3
		$3.inheritsSet = null
		$3.scope = text/x-json
		$0.JSONFormattingPolicy = $4
		$4.AutoStructureCompletion = True
		$4.BracePositions = SemiExpanded
		$4.FormatOnPaste = True
		$4.scope = text/x-json
		version = 1.2
	EndGlobalSection
EndGlobal
